// !$*UTF8*$!
{
	archiveVersion = 1;
	classes = {
	};
	objectVersion = 56;
	objects = {

/* Begin PBXBuildFile section */
		ABA6E30B2B50EA460054F69E /* USBNotifierApp.swift in Sources */ = {isa = PBXBuildFile; fileRef = ABA6E30A2B50EA460054F69E /* USBNotifierApp.swift */; };
		ABA6E30F2B50EA480054F69E /* Assets.xcassets in Resources */ = {isa = PBXBuildFile; fileRef = ABA6E30E2B50EA480054F69E /* Assets.xcassets */; };
		ABA6E3122B50EA480054F69E /* Preview Assets.xcassets in Resources */ = {isa = PBXBuildFile; fileRef = ABA6E3112B50EA480054F69E /* Preview Assets.xcassets */; };
		ABA6E31A2B50EA9E0054F69E /* MenuBarView.swift in Sources */ = {isa = PBXBuildFile; fileRef = ABA6E3192B50EA9E0054F69E /* MenuBarView.swift */; };
		ABA6E31E2B50EB500054F69E /* USBDetector.swift in Sources */ = {isa = PBXBuildFile; fileRef = ABA6E31D2B50EB500054F69E /* USBDetector.swift */; };
		ABA6E3202B50ECE70054F69E /* Storage.swift in Sources */ = {isa = PBXBuildFile; fileRef = ABA6E31F2B50ECE70054F69E /* Storage.swift */; };
		ABA6E3242B5113FA0054F69E /* USBDetectorStatus.swift in Sources */ = {isa = PBXBuildFile; fileRef = ABA6E3232B5113FA0054F69E /* USBDetectorStatus.swift */; };
		ABA6E3282B511C090054F69E /* Localizable.xcstrings in Resources */ = {isa = PBXBuildFile; fileRef = ABA6E3272B511C090054F69E /* Localizable.xcstrings */; };
		ABF7E1A22B51501C0036DDC3 /* USBControl.swift in Sources */ = {isa = PBXBuildFile; fileRef = ABF7E1A12B51501C0036DDC3 /* USBControl.swift */; };
		ABF7E1A52B5152C90036DDC3 /* Dialogs.swift in Sources */ = {isa = PBXBuildFile; fileRef = ABF7E1A42B5152C90036DDC3 /* Dialogs.swift */; };
		ABF7E1A72B5159620036DDC3 /* LaunchAtStartup.swift in Sources */ = {isa = PBXBuildFile; fileRef = ABF7E1A62B5159620036DDC3 /* LaunchAtStartup.swift */; };
/* End PBXBuildFile section */

/* Begin PBXFileReference section */
		ABA6E3072B50EA460054F69E /* USBNotifier.app */ = {isa = PBXFileReference; explicitFileType = wrapper.application; includeInIndex = 0; path = USBNotifier.app; sourceTree = BUILT_PRODUCTS_DIR; };
		ABA6E30A2B50EA460054F69E /* USBNotifierApp.swift */ = {isa = PBXFileReference; lastKnownFileType = sourcecode.swift; path = USBNotifierApp.swift; sourceTree = "<group>"; };
		ABA6E30E2B50EA480054F69E /* Assets.xcassets */ = {isa = PBXFileReference; lastKnownFileType = folder.assetcatalog; path = Assets.xcassets; sourceTree = "<group>"; };
		ABA6E3112B50EA480054F69E /* Preview Assets.xcassets */ = {isa = PBXFileReference; lastKnownFileType = folder.assetcatalog; path = "Preview Assets.xcassets"; sourceTree = "<group>"; };
		ABA6E3132B50EA480054F69E /* USBNotifier.entitlements */ = {isa = PBXFileReference; lastKnownFileType = text.plist.entitlements; path = USBNotifier.entitlements; sourceTree = "<group>"; };
		ABA6E3192B50EA9E0054F69E /* MenuBarView.swift */ = {isa = PBXFileReference; lastKnownFileType = sourcecode.swift; path = MenuBarView.swift; sourceTree = "<group>"; };
		ABA6E31D2B50EB500054F69E /* USBDetector.swift */ = {isa = PBXFileReference; lastKnownFileType = sourcecode.swift; path = USBDetector.swift; sourceTree = "<group>"; };
		ABA6E31F2B50ECE70054F69E /* Storage.swift */ = {isa = PBXFileReference; lastKnownFileType = sourcecode.swift; path = Storage.swift; sourceTree = "<group>"; };
		ABA6E3232B5113FA0054F69E /* USBDetectorStatus.swift */ = {isa = PBXFileReference; lastKnownFileType = sourcecode.swift; path = USBDetectorStatus.swift; sourceTree = "<group>"; };
		ABA6E3272B511C090054F69E /* Localizable.xcstrings */ = {isa = PBXFileReference; lastKnownFileType = text.json.xcstrings; path = Localizable.xcstrings; sourceTree = "<group>"; };
		ABF7E1A12B51501C0036DDC3 /* USBControl.swift */ = {isa = PBXFileReference; lastKnownFileType = sourcecode.swift; path = USBControl.swift; sourceTree = "<group>"; };
		ABF7E1A42B5152C90036DDC3 /* Dialogs.swift */ = {isa = PBXFileReference; lastKnownFileType = sourcecode.swift; path = Dialogs.swift; sourceTree = "<group>"; };
		ABF7E1A62B5159620036DDC3 /* LaunchAtStartup.swift */ = {isa = PBXFileReference; lastKnownFileType = sourcecode.swift; path = LaunchAtStartup.swift; sourceTree = "<group>"; };
/* End PBXFileReference section */

/* Begin PBXFrameworksBuildPhase section */
		ABA6E3042B50EA460054F69E /* Frameworks */ = {
			isa = PBXFrameworksBuildPhase;
			buildActionMask = 2147483647;
			files = (
			);
			runOnlyForDeploymentPostprocessing = 0;
		};
/* End PBXFrameworksBuildPhase section */

/* Begin PBXGroup section */
		ABA6E2FE2B50EA460054F69E = {
			isa = PBXGroup;
			children = (
				ABA6E3092B50EA460054F69E /* USBNotifier */,
				ABA6E3082B50EA460054F69E /* Products */,
			);
			sourceTree = "<group>";
		};
		ABA6E3082B50EA460054F69E /* Products */ = {
			isa = PBXGroup;
			children = (
				ABA6E3072B50EA460054F69E /* USBNotifier.app */,
			);
			name = Products;
			sourceTree = "<group>";
		};
		ABA6E3092B50EA460054F69E /* USBNotifier */ = {
			isa = PBXGroup;
			children = (
				ABA6E3132B50EA480054F69E /* USBNotifier.entitlements */,
				ABA6E30A2B50EA460054F69E /* USBNotifierApp.swift */,
				ABA6E31C2B50EB440054F69E /* Core */,
				ABA6E3102B50EA480054F69E /* Preview Content */,
				ABF7E1A32B5151C50036DDC3 /* Resources */,
				ABA6E3222B5113350054F69E /* Values */,
				ABA6E31B2B50EB2E0054F69E /* Views */,
			);
			path = USBNotifier;
			sourceTree = "<group>";
		};
		ABA6E3102B50EA480054F69E /* Preview Content */ = {
			isa = PBXGroup;
			children = (
				ABA6E3112B50EA480054F69E /* Preview Assets.xcassets */,
			);
			path = "Preview Content";
			sourceTree = "<group>";
		};
		ABA6E31B2B50EB2E0054F69E /* Views */ = {
			isa = PBXGroup;
			children = (
				ABA6E3192B50EA9E0054F69E /* MenuBarView.swift */,
				ABF7E1A42B5152C90036DDC3 /* Dialogs.swift */,
			);
			path = Views;
			sourceTree = "<group>";
		};
		ABA6E31C2B50EB440054F69E /* Core */ = {
			isa = PBXGroup;
			children = (
				ABA6E31D2B50EB500054F69E /* USBDetector.swift */,
				ABF7E1A12B51501C0036DDC3 /* USBControl.swift */,
				ABF7E1A62B5159620036DDC3 /* LaunchAtStartup.swift */,
			);
			path = Core;
			sourceTree = "<group>";
		};
		ABA6E3222B5113350054F69E /* Values */ = {
			isa = PBXGroup;
			children = (
				ABA6E31F2B50ECE70054F69E /* Storage.swift */,
				ABA6E3232B5113FA0054F69E /* USBDetectorStatus.swift */,
			);
			path = Values;
			sourceTree = "<group>";
		};
		ABF7E1A32B5151C50036DDC3 /* Resources */ = {
			isa = PBXGroup;
			children = (
				ABA6E30E2B50EA480054F69E /* Assets.xcassets */,
				ABA6E3272B511C090054F69E /* Localizable.xcstrings */,
			);
			path = Resources;
			sourceTree = "<group>";
		};
/* End PBXGroup section */

/* Begin PBXNativeTarget section */
		ABA6E3062B50EA460054F69E /* USBNotifier */ = {
			isa = PBXNativeTarget;
			buildConfigurationList = ABA6E3162B50EA480054F69E /* Build configuration list for PBXNativeTarget "USBNotifier" */;
			buildPhases = (
				ABA6E3212B50FD5A0054F69E /* ShellScript */,
				ABA6E3032B50EA460054F69E /* Sources */,
				ABA6E3042B50EA460054F69E /* Frameworks */,
				ABA6E3052B50EA460054F69E /* Resources */,
			);
			buildRules = (
			);
			dependencies = (
			);
			name = USBNotifier;
			productName = USBNotifier;
			productReference = ABA6E3072B50EA460054F69E /* USBNotifier.app */;
			productType = "com.apple.product-type.application";
		};
/* End PBXNativeTarget section */

/* Begin PBXProject section */
		ABA6E2FF2B50EA460054F69E /* Project object */ = {
			isa = PBXProject;
			attributes = {
				BuildIndependentTargetsInParallel = 1;
				LastSwiftUpdateCheck = 1520;
				LastUpgradeCheck = 1520;
				TargetAttributes = {
					ABA6E3062B50EA460054F69E = {
						CreatedOnToolsVersion = 15.2;
					};
				};
			};
			buildConfigurationList = ABA6E3022B50EA460054F69E /* Build configuration list for PBXProject "USBNotifier" */;
			compatibilityVersion = "Xcode 14.0";
			developmentRegion = en;
			hasScannedForEncodings = 0;
			knownRegions = (
				en,
				Base,
			);
			mainGroup = ABA6E2FE2B50EA460054F69E;
			productRefGroup = ABA6E3082B50EA460054F69E /* Products */;
			projectDirPath = "";
			projectRoot = "";
			targets = (
				ABA6E3062B50EA460054F69E /* USBNotifier */,
			);
		};
/* End PBXProject section */

/* Begin PBXResourcesBuildPhase section */
		ABA6E3052B50EA460054F69E /* Resources */ = {
			isa = PBXResourcesBuildPhase;
			buildActionMask = 2147483647;
			files = (
				ABA6E3122B50EA480054F69E /* Preview Assets.xcassets in Resources */,
				ABA6E30F2B50EA480054F69E /* Assets.xcassets in Resources */,
				ABA6E3282B511C090054F69E /* Localizable.xcstrings in Resources */,
			);
			runOnlyForDeploymentPostprocessing = 0;
		};
/* End PBXResourcesBuildPhase section */

/* Begin PBXShellScriptBuildPhase section */
		ABA6E3212B50FD5A0054F69E /* ShellScript */ = {
			isa = PBXShellScriptBuildPhase;
			alwaysOutOfDate = 1;
			buildActionMask = 2147483647;
			files = (
			);
			inputFileListPaths = (
			);
			inputPaths = (
			);
			outputFileListPaths = (
			);
			outputPaths = (
			);
			runOnlyForDeploymentPostprocessing = 0;
			shellPath = /bin/sh;
			shellScript = "export PATH=/opt/homebrew/bin:/usr/local/bin:$PATH\n\n# Check if swiftlint is installed\nif ! command -v swiftlint &> /dev/null; then\n    echo \"Error: swiftlint is not installed. Please install swiftlint using Homebrew.\"\n    exit 1\nfi\n\n# Run swiftlint\nswiftlint --strict .\n";
		};
/* End PBXShellScriptBuildPhase section */

/* Begin PBXSourcesBuildPhase section */
		ABA6E3032B50EA460054F69E /* Sources */ = {
			isa = PBXSourcesBuildPhase;
			buildActionMask = 2147483647;
			files = (
				ABA6E30B2B50EA460054F69E /* USBNotifierApp.swift in Sources */,
				ABF7E1A52B5152C90036DDC3 /* Dialogs.swift in Sources */,
				ABA6E3242B5113FA0054F69E /* USBDetectorStatus.swift in Sources */,
				ABF7E1A72B5159620036DDC3 /* LaunchAtStartup.swift in Sources */,
				ABF7E1A22B51501C0036DDC3 /* USBControl.swift in Sources */,
				ABA6E3202B50ECE70054F69E /* Storage.swift in Sources */,
				ABA6E31E2B50EB500054F69E /* USBDetector.swift in Sources */,
				ABA6E31A2B50EA9E0054F69E /* MenuBarView.swift in Sources */,
			);
			runOnlyForDeploymentPostprocessing = 0;
		};
/* End PBXSourcesBuildPhase section */

/* Begin XCBuildConfiguration section */
		ABA6E3142B50EA480054F69E /* Debug */ = {
			isa = XCBuildConfiguration;
			buildSettings = {
				ALWAYS_SEARCH_USER_PATHS = NO;
				ASSETCATALOG_COMPILER_GENERATE_SWIFT_ASSET_SYMBOL_EXTENSIONS = YES;
				CLANG_ANALYZER_NONNULL = YES;
				CLANG_ANALYZER_NUMBER_OBJECT_CONVERSION = YES_AGGRESSIVE;
				CLANG_CXX_LANGUAGE_STANDARD = "gnu++20";
				CLANG_ENABLE_MODULES = YES;
				CLANG_ENABLE_OBJC_ARC = YES;
				CLANG_ENABLE_OBJC_WEAK = YES;
				CLANG_WARN_BLOCK_CAPTURE_AUTORELEASING = YES;
				CLANG_WARN_BOOL_CONVERSION = YES;
				CLANG_WARN_COMMA = YES;
				CLANG_WARN_CONSTANT_CONVERSION = YES;
				CLANG_WARN_DEPRECATED_OBJC_IMPLEMENTATIONS = YES;
				CLANG_WARN_DIRECT_OBJC_ISA_USAGE = YES_ERROR;
				CLANG_WARN_DOCUMENTATION_COMMENTS = YES;
				CLANG_WARN_EMPTY_BODY = YES;
				CLANG_WARN_ENUM_CONVERSION = YES;
				CLANG_WARN_INFINITE_RECURSION = YES;
				CLANG_WARN_INT_CONVERSION = YES;
				CLANG_WARN_NON_LITERAL_NULL_CONVERSION = YES;
				CLANG_WARN_OBJC_IMPLICIT_RETAIN_SELF = YES;
				CLANG_WARN_OBJC_LITERAL_CONVERSION = YES;
				CLANG_WARN_OBJC_ROOT_CLASS = YES_ERROR;
				CLANG_WARN_QUOTED_INCLUDE_IN_FRAMEWORK_HEADER = YES;
				CLANG_WARN_RANGE_LOOP_ANALYSIS = YES;
				CLANG_WARN_STRICT_PROTOTYPES = YES;
				CLANG_WARN_SUSPICIOUS_MOVE = YES;
				CLANG_WARN_UNGUARDED_AVAILABILITY = YES_AGGRESSIVE;
				CLANG_WARN_UNREACHABLE_CODE = YES;
				CLANG_WARN__DUPLICATE_METHOD_MATCH = YES;
				COPY_PHASE_STRIP = NO;
				DEBUG_INFORMATION_FORMAT = dwarf;
				ENABLE_STRICT_OBJC_MSGSEND = YES;
				ENABLE_TESTABILITY = YES;
				ENABLE_USER_SCRIPT_SANDBOXING = NO;
				GCC_C_LANGUAGE_STANDARD = gnu17;
				GCC_DYNAMIC_NO_PIC = NO;
				GCC_NO_COMMON_BLOCKS = YES;
				GCC_OPTIMIZATION_LEVEL = 0;
				GCC_PREPROCESSOR_DEFINITIONS = (
					"DEBUG=1",
					"$(inherited)",
				);
				GCC_WARN_64_TO_32_BIT_CONVERSION = YES;
				GCC_WARN_ABOUT_RETURN_TYPE = YES_ERROR;
				GCC_WARN_UNDECLARED_SELECTOR = YES;
				GCC_WARN_UNINITIALIZED_AUTOS = YES_AGGRESSIVE;
				GCC_WARN_UNUSED_FUNCTION = YES;
				GCC_WARN_UNUSED_VARIABLE = YES;
				LOCALIZATION_PREFERS_STRING_CATALOGS = YES;
				MACOSX_DEPLOYMENT_TARGET = 14.2;
				MTL_ENABLE_DEBUG_INFO = INCLUDE_SOURCE;
				MTL_FAST_MATH = YES;
				ONLY_ACTIVE_ARCH = YES;
				SDKROOT = macosx;
				SWIFT_ACTIVE_COMPILATION_CONDITIONS = "DEBUG $(inherited)";
				SWIFT_OPTIMIZATION_LEVEL = "-Onone";
			};
			name = Debug;
		};
		ABA6E3152B50EA480054F69E /* Release */ = {
			isa = XCBuildConfiguration;
			buildSettings = {
				ALWAYS_SEARCH_USER_PATHS = NO;
				ASSETCATALOG_COMPILER_GENERATE_SWIFT_ASSET_SYMBOL_EXTENSIONS = YES;
				CLANG_ANALYZER_NONNULL = YES;
				CLANG_ANALYZER_NUMBER_OBJECT_CONVERSION = YES_AGGRESSIVE;
				CLANG_CXX_LANGUAGE_STANDARD = "gnu++20";
				CLANG_ENABLE_MODULES = YES;
				CLANG_ENABLE_OBJC_ARC = YES;
				CLANG_ENABLE_OBJC_WEAK = YES;
				CLANG_WARN_BLOCK_CAPTURE_AUTORELEASING = YES;
				CLANG_WARN_BOOL_CONVERSION = YES;
				CLANG_WARN_COMMA = YES;
				CLANG_WARN_CONSTANT_CONVERSION = YES;
				CLANG_WARN_DEPRECATED_OBJC_IMPLEMENTATIONS = YES;
				CLANG_WARN_DIRECT_OBJC_ISA_USAGE = YES_ERROR;
				CLANG_WARN_DOCUMENTATION_COMMENTS = YES;
				CLANG_WARN_EMPTY_BODY = YES;
				CLANG_WARN_ENUM_CONVERSION = YES;
				CLANG_WARN_INFINITE_RECURSION = YES;
				CLANG_WARN_INT_CONVERSION = YES;
				CLANG_WARN_NON_LITERAL_NULL_CONVERSION = YES;
				CLANG_WARN_OBJC_IMPLICIT_RETAIN_SELF = YES;
				CLANG_WARN_OBJC_LITERAL_CONVERSION = YES;
				CLANG_WARN_OBJC_ROOT_CLASS = YES_ERROR;
				CLANG_WARN_QUOTED_INCLUDE_IN_FRAMEWORK_HEADER = YES;
				CLANG_WARN_RANGE_LOOP_ANALYSIS = YES;
				CLANG_WARN_STRICT_PROTOTYPES = YES;
				CLANG_WARN_SUSPICIOUS_MOVE = YES;
				CLANG_WARN_UNGUARDED_AVAILABILITY = YES_AGGRESSIVE;
				CLANG_WARN_UNREACHABLE_CODE = YES;
				CLANG_WARN__DUPLICATE_METHOD_MATCH = YES;
				COPY_PHASE_STRIP = NO;
				DEBUG_INFORMATION_FORMAT = "dwarf-with-dsym";
				ENABLE_NS_ASSERTIONS = NO;
				ENABLE_STRICT_OBJC_MSGSEND = YES;
				ENABLE_USER_SCRIPT_SANDBOXING = NO;
				GCC_C_LANGUAGE_STANDARD = gnu17;
				GCC_NO_COMMON_BLOCKS = YES;
				GCC_WARN_64_TO_32_BIT_CONVERSION = YES;
				GCC_WARN_ABOUT_RETURN_TYPE = YES_ERROR;
				GCC_WARN_UNDECLARED_SELECTOR = YES;
				GCC_WARN_UNINITIALIZED_AUTOS = YES_AGGRESSIVE;
				GCC_WARN_UNUSED_FUNCTION = YES;
				GCC_WARN_UNUSED_VARIABLE = YES;
				LOCALIZATION_PREFERS_STRING_CATALOGS = YES;
				MACOSX_DEPLOYMENT_TARGET = 14.2;
				MTL_ENABLE_DEBUG_INFO = NO;
				MTL_FAST_MATH = YES;
				SDKROOT = macosx;
				SWIFT_COMPILATION_MODE = wholemodule;
			};
			name = Release;
		};
		ABA6E3172B50EA480054F69E /* Debug */ = {
			isa = XCBuildConfiguration;
			buildSettings = {
				ASSETCATALOG_COMPILER_APPICON_NAME = AppIcon;
				ASSETCATALOG_COMPILER_GLOBAL_ACCENT_COLOR_NAME = AccentColor;
				CODE_SIGN_ENTITLEMENTS = USBNotifier/USBNotifier.entitlements;
				"CODE_SIGN_IDENTITY[sdk=macosx*]" = "Apple Development";
				CODE_SIGN_STYLE = Automatic;
				COMBINE_HIDPI_IMAGES = YES;
				CURRENT_PROJECT_VERSION = 2;
				DEVELOPMENT_ASSET_PATHS = "\"USBNotifier/Preview Content\"";
				DEVELOPMENT_TEAM = PSAZVTU7XU;
				ENABLE_HARDENED_RUNTIME = YES;
				ENABLE_PREVIEWS = YES;
				GENERATE_INFOPLIST_FILE = YES;
				INFOPLIST_KEY_CFBundleDisplayName = "USB Notifier";
				INFOPLIST_KEY_LSApplicationCategoryType = "public.app-category.utilities";
				INFOPLIST_KEY_LSUIElement = YES;
				INFOPLIST_KEY_NSAppleEventsUsageDescription = "USBNotifier needs this permission to eject disks";
				INFOPLIST_KEY_NSHumanReadableCopyright = "";
				LD_RUNPATH_SEARCH_PATHS = (
					"$(inherited)",
					"@executable_path/../Frameworks",
				);
				MACOSX_DEPLOYMENT_TARGET = 13.0;
				MARKETING_VERSION = "1.0.1-alpha";
				PRODUCT_BUNDLE_IDENTIFIER = dev.ohaiibuzzle.USBNotifier;
				PRODUCT_NAME = "$(TARGET_NAME)";
				SWIFT_EMIT_LOC_STRINGS = YES;
				SWIFT_VERSION = 5.0;
			};
			name = Debug;
		};
		ABA6E3182B50EA480054F69E /* Release */ = {
			isa = XCBuildConfiguration;
			buildSettings = {
				ASSETCATALOG_COMPILER_APPICON_NAME = AppIcon;
				ASSETCATALOG_COMPILER_GLOBAL_ACCENT_COLOR_NAME = AccentColor;
				CODE_SIGN_ENTITLEMENTS = USBNotifier/USBNotifier.entitlements;
				"CODE_SIGN_IDENTITY[sdk=macosx*]" = "Apple Development";
				CODE_SIGN_STYLE = Automatic;
				COMBINE_HIDPI_IMAGES = YES;
				CURRENT_PROJECT_VERSION = 2;
				DEVELOPMENT_ASSET_PATHS = "\"USBNotifier/Preview Content\"";
				DEVELOPMENT_TEAM = PSAZVTU7XU;
				ENABLE_HARDENED_RUNTIME = YES;
				ENABLE_PREVIEWS = YES;
				GENERATE_INFOPLIST_FILE = YES;
				INFOPLIST_KEY_CFBundleDisplayName = "USB Notifier";
				INFOPLIST_KEY_LSApplicationCategoryType = "public.app-category.utilities";
				INFOPLIST_KEY_LSUIElement = YES;
				INFOPLIST_KEY_NSAppleEventsUsageDescription = "USBNotifier needs this permission to eject disks";
				INFOPLIST_KEY_NSHumanReadableCopyright = "";
				LD_RUNPATH_SEARCH_PATHS = (
					"$(inherited)",
					"@executable_path/../Frameworks",
				);
				MACOSX_DEPLOYMENT_TARGET = 13.0;
				MARKETING_VERSION = "1.0.1-alpha";
				PRODUCT_BUNDLE_IDENTIFIER = dev.ohaiibuzzle.USBNotifier;
				PRODUCT_NAME = "$(TARGET_NAME)";
				SWIFT_EMIT_LOC_STRINGS = YES;
				SWIFT_VERSION = 5.0;
			};
			name = Release;
		};
/* End XCBuildConfiguration section */

/* Begin XCConfigurationList section */
		ABA6E3022B50EA460054F69E /* Build configuration list for PBXProject "USBNotifier" */ = {
			isa = XCConfigurationList;
			buildConfigurations = (
				ABA6E3142B50EA480054F69E /* Debug */,
				ABA6E3152B50EA480054F69E /* Release */,
			);
			defaultConfigurationIsVisible = 0;
			defaultConfigurationName = Release;
		};
		ABA6E3162B50EA480054F69E /* Build configuration list for PBXNativeTarget "USBNotifier" */ = {
			isa = XCConfigurationList;
			buildConfigurations = (
				ABA6E3172B50EA480054F69E /* Debug */,
				ABA6E3182B50EA480054F69E /* Release */,
			);
			defaultConfigurationIsVisible = 0;
			defaultConfigurationName = Release;
		};
/* End XCConfigurationList section */
	};
	rootObject = ABA6E2FF2B50EA460054F69E /* Project object */;
}
